{
  "nodes": {
    "flake-utils": {
      "locked": {
        "lastModified": 1678901627,
        "narHash": "sha256-U02riOqrKKzwjsxc/400XnElV+UtPUQWpANPlyazjH0=",
        "owner": "numtide",
        "repo": "flake-utils",
        "rev": "93a2b84fc4b70d9e089d029deacc3583435c2ed6",
        "type": "github"
      },
      "original": {
        "owner": "numtide",
        "repo": "flake-utils",
        "type": "github"
      }
    },
    "json-cpp": {
      "flake": false,
      "locked": {
        "lastModified": 1657835857,
        "narHash": "sha256-61tMOQp09kenDRLFshRm2Dbt5t5FaGzQ/GtNKTHMTaU=",
        "owner": "Scotty1701",
        "repo": "jsoncpp",
        "rev": "8190e061bc2d95da37479a638aa2c9e483e58ec6",
        "type": "github"
      },
      "original": {
        "owner": "Scotty1701",
        "repo": "jsoncpp",
        "type": "github"
      }
    },
    "nixpkgs": {
      "locked": {
        "lastModified": 1679410443,
        "narHash": "sha256-xDHO/jixWD+y5pmW5+2q4Z4O/I/nA4MAa30svnZKK+M=",
        "owner": "NixOS",
        "repo": "nixpkgs",
        "rev": "c9ece0059f42e0ab53ac870104ca4049df41b133",
        "type": "github"
      },
      "original": {
        "id": "nixpkgs",
        "type": "indirect"
      }
    },
    "pybind11": {
      "flake": false,
      "locked": {
        "lastModified": 1680897161,
        "narHash": "sha256-hqnTxoORAc4lV04y6ti1muwQDH8RG4mhW4Mi5kKSbe0=",
        "owner": "pybind",
        "repo": "pybind11",
        "rev": "ed466da571fbc1d711351eb818e4bf82adb99eca",
        "type": "github"
      },
      "original": {
        "owner": "pybind",
        "repo": "pybind11",
        "type": "github"
      }
    },
    "root": {
      "inputs": {
        "flake-utils": "flake-utils",
        "json-cpp": "json-cpp",
        "nixpkgs": "nixpkgs",
        "pybind11": "pybind11"
      }
    }
  },
  "root": "root",
  "version": 7
}
